// !$*UTF8*$!
{
	archiveVersion = 1;
	classes = {
	};
	objectVersion = 46;
	objects = {

/* Begin PBXBuildFile section */
		191EDEFE1B3A10D2008774EF /* AppDelegate.swift in Sources */ = {isa = PBXBuildFile; fileRef = 191EDEFD1B3A10D2008774EF /* AppDelegate.swift */; };
		191EDF001B3A10D2008774EF /* ViewController.swift in Sources */ = {isa = PBXBuildFile; fileRef = 191EDEFF1B3A10D2008774EF /* ViewController.swift */; };
		191EDF031B3A10D2008774EF /* Main.storyboard in Resources */ = {isa = PBXBuildFile; fileRef = 191EDF011B3A10D2008774EF /* Main.storyboard */; };
		191EDF051B3A10D2008774EF /* Images.xcassets in Resources */ = {isa = PBXBuildFile; fileRef = 191EDF041B3A10D2008774EF /* Images.xcassets */; };
		191EDF081B3A10D2008774EF /* LaunchScreen.xib in Resources */ = {isa = PBXBuildFile; fileRef = 191EDF061B3A10D2008774EF /* LaunchScreen.xib */; };
		191EDF141B3A10D2008774EF /* CulturNewsTests.swift in Sources */ = {isa = PBXBuildFile; fileRef = 191EDF131B3A10D2008774EF /* CulturNewsTests.swift */; };
/* End PBXBuildFile section */

/* Begin PBXContainerItemProxy section */
		191EDF0E1B3A10D2008774EF /* PBXContainerItemProxy */ = {
			isa = PBXContainerItemProxy;
			containerPortal = 191EDEF01B3A10D2008774EF /* Project object */;
			proxyType = 1;
			remoteGlobalIDString = 191EDEF71B3A10D2008774EF;
			remoteInfo = CulturNews;
		};
/* End PBXContainerItemProxy section */

/* Begin PBXFileReference section */
		191EDEF81B3A10D2008774EF /* CulturNews.app */ = {isa = PBXFileReference; explicitFileType = wrapper.application; includeInIndex = 0; path = CulturNews.app; sourceTree = BUILT_PRODUCTS_DIR; };
		191EDEFC1B3A10D2008774EF /* Info.plist */ = {isa = PBXFileReference; lastKnownFileType = text.plist.xml; path = Info.plist; sourceTree = "<group>"; };
		191EDEFD1B3A10D2008774EF /* AppDelegate.swift */ = {isa = PBXFileReference; lastKnownFileType = sourcecode.swift; path = AppDelegate.swift; sourceTree = "<group>"; };
		191EDEFF1B3A10D2008774EF /* ViewController.swift */ = {isa = PBXFileReference; lastKnownFileType = sourcecode.swift; path = ViewController.swift; sourceTree = "<group>"; };
		191EDF021B3A10D2008774EF /* Base */ = {isa = PBXFileReference; lastKnownFileType = file.storyboard; name = Base; path = Base.lproj/Main.storyboard; sourceTree = "<group>"; };
		191EDF041B3A10D2008774EF /* Images.xcassets */ = {isa = PBXFileReference; lastKnownFileType = folder.assetcatalog; path = Images.xcassets; sourceTree = "<group>"; };
		191EDF071B3A10D2008774EF /* Base */ = {isa = PBXFileReference; lastKnownFileType = file.xib; name = Base; path = Base.lproj/LaunchScreen.xib; sourceTree = "<group>"; };
		191EDF0D1B3A10D2008774EF /* CulturNewsTests.xctest */ = {isa = PBXFileReference; explicitFileType = wrapper.cfbundle; includeInIndex = 0; path = CulturNewsTests.xctest; sourceTree = BUILT_PRODUCTS_DIR; };
		191EDF121B3A10D2008774EF /* Info.plist */ = {isa = PBXFileReference; lastKnownFileType = text.plist.xml; path = Info.plist; sourceTree = "<group>"; };
		191EDF131B3A10D2008774EF /* CulturNewsTests.swift */ = {isa = PBXFileReference; lastKnownFileType = sourcecode.swift; path = CulturNewsTests.swift; sourceTree = "<group>"; };
/* End PBXFileReference section */

/* Begin PBXFrameworksBuildPhase section */
		191EDEF51B3A10D2008774EF /* Frameworks */ = {
			isa = PBXFrameworksBuildPhase;
			buildActionMask = 2147483647;
			files = (
			);
			runOnlyForDeploymentPostprocessing = 0;
		};
		191EDF0A1B3A10D2008774EF /* Frameworks */ = {
			isa = PBXFrameworksBuildPhase;
			buildActionMask = 2147483647;
			files = (
			);
			runOnlyForDeploymentPostprocessing = 0;
		};
/* End PBXFrameworksBuildPhase section */

/* Begin PBXGroup section */
		191EDEEF1B3A10D2008774EF = {
			isa = PBXGroup;
			children = (
				191EDEFA1B3A10D2008774EF /* CulturNews */,
				191EDF101B3A10D2008774EF /* CulturNewsTests */,
				191EDEF91B3A10D2008774EF /* Products */,
			);
			sourceTree = "<group>";
		};
		191EDEF91B3A10D2008774EF /* Products */ = {
			isa = PBXGroup;
			children = (
				191EDEF81B3A10D2008774EF /* CulturNews.app */,
				191EDF0D1B3A10D2008774EF /* CulturNewsTests.xctest */,
			);
			name = Products;
			sourceTree = "<group>";
		};
		191EDEFA1B3A10D2008774EF /* CulturNews */ = {
			isa = PBXGroup;
			children = (
				191EDEFD1B3A10D2008774EF /* AppDelegate.swift */,
				191EDEFF1B3A10D2008774EF /* ViewController.swift */,
				191EDF011B3A10D2008774EF /* Main.storyboard */,
				191EDF041B3A10D2008774EF /* Images.xcassets */,
				191EDF061B3A10D2008774EF /* LaunchScreen.xib */,
				191EDEFB1B3A10D2008774EF /* Supporting Files */,
			);
			path = CulturNews;
			sourceTree = "<group>";
		};
		191EDEFB1B3A10D2008774EF /* Supporting Files */ = {
			isa = PBXGroup;
			children = (
				191EDEFC1B3A10D2008774EF /* Info.plist */,
			);
			name = "Supporting Files";
			sourceTree = "<group>";
		};
		191EDF101B3A10D2008774EF /* CulturNewsTests */ = {
			isa = PBXGroup;
			children = (
				191EDF131B3A10D2008774EF /* CulturNewsTests.swift */,
				191EDF111B3A10D2008774EF /* Supporting Files */,
			);
			path = CulturNewsTests;
			sourceTree = "<group>";
		};
		191EDF111B3A10D2008774EF /* Supporting Files */ = {
			isa = PBXGroup;
			children = (
				191EDF121B3A10D2008774EF /* Info.plist */,
			);
			name = "Supporting Files";
			sourceTree = "<group>";
		};
/* End PBXGroup section */

/* Begin PBXNativeTarget section */
		191EDEF71B3A10D2008774EF /* CulturNews */ = {
			isa = PBXNativeTarget;
			buildConfigurationList = 191EDF171B3A10D2008774EF /* Build configuration list for PBXNativeTarget "CulturNews" */;
			buildPhases = (
				191EDEF41B3A10D2008774EF /* Sources */,
				191EDEF51B3A10D2008774EF /* Frameworks */,
				191EDEF61B3A10D2008774EF /* Resources */,
			);
			buildRules = (
			);
			dependencies = (
			);
			name = CulturNews;
			productName = CulturNews;
			productReference = 191EDEF81B3A10D2008774EF /* CulturNews.app */;
			productType = "com.apple.product-type.application";
		};
		191EDF0C1B3A10D2008774EF /* CulturNewsTests */ = {
			isa = PBXNativeTarget;
			buildConfigurationList = 191EDF1A1B3A10D2008774EF /* Build configuration list for PBXNativeTarget "CulturNewsTests" */;
			buildPhases = (
				191EDF091B3A10D2008774EF /* Sources */,
				191EDF0A1B3A10D2008774EF /* Frameworks */,
				191EDF0B1B3A10D2008774EF /* Resources */,
			);
			buildRules = (
			);
			dependencies = (
				191EDF0F1B3A10D2008774EF /* PBXTargetDependency */,
			);
			name = CulturNewsTests;
			productName = CulturNewsTests;
			productReference = 191EDF0D1B3A10D2008774EF /* CulturNewsTests.xctest */;
			productType = "com.apple.product-type.bundle.unit-test";
		};
/* End PBXNativeTarget section */

/* Begin PBXProject section */
		191EDEF01B3A10D2008774EF /* Project object */ = {
			isa = PBXProject;
			attributes = {
				LastUpgradeCheck = 0630;
				ORGANIZATIONNAME = CulturNews;
				TargetAttributes = {
					191EDEF71B3A10D2008774EF = {
						CreatedOnToolsVersion = 6.3.2;
					};
					191EDF0C1B3A10D2008774EF = {
						CreatedOnToolsVersion = 6.3.2;
						TestTargetID = 191EDEF71B3A10D2008774EF;
					};
				};
			};
			buildConfigurationList = 191EDEF31B3A10D2008774EF /* Build configuration list for PBXProject "CulturNews" */;
			compatibilityVersion = "Xcode 3.2";
			developmentRegion = English;
			hasScannedForEncodings = 0;
			knownRegions = (
				en,
				Base,
			);
			mainGroup = 191EDEEF1B3A10D2008774EF;
			productRefGroup = 191EDEF91B3A10D2008774EF /* Products */;
			projectDirPath = "";
			projectRoot = "";
			targets = (
				191EDEF71B3A10D2008774EF /* CulturNews */,
				191EDF0C1B3A10D2008774EF /* CulturNewsTests */,
			);
		};
/* End PBXProject section */

/* Begin PBXResourcesBuildPhase section */
		191EDEF61B3A10D2008774EF /* Resources */ = {
			isa = PBXResourcesBuildPhase;
			buildActionMask = 2147483647;
			files = (
				191EDF031B3A10D2008774EF /* Main.storyboard in Resources */,
				191EDF081B3A10D2008774EF /* LaunchScreen.xib in Resources */,
				191EDF051B3A10D2008774EF /* Images.xcassets in Resources */,
			);
			runOnlyForDeploymentPostprocessing = 0;
		};
		191EDF0B1B3A10D2008774EF /* Resources */ = {
			isa = PBXResourcesBuildPhase;
			buildActionMask = 2147483647;
			files = (
			);
			runOnlyForDeploymentPostprocessing = 0;
		};
/* End PBXResourcesBuildPhase section */

/* Begin PBXSourcesBuildPhase section */
		191EDEF41B3A10D2008774EF /* Sources */ = {
			isa = PBXSourcesBuildPhase;
			buildActionMask = 2147483647;
			files = (
				191EDF001B3A10D2008774EF /* ViewController.swift in Sources */,
				191EDEFE1B3A10D2008774EF /* AppDelegate.swift in Sources */,
			);
			runOnlyForDeploymentPostprocessing = 0;
		};
		191EDF091B3A10D2008774EF /* Sources */ = {
			isa = PBXSourcesBuildPhase;
			buildActionMask = 2147483647;
			files = (
				191EDF141B3A10D2008774EF /* CulturNewsTests.swift in Sources */,
			);
			runOnlyForDeploymentPostprocessing = 0;
		};
/* End PBXSourcesBuildPhase section */

/* Begin PBXTargetDependency section */
		191EDF0F1B3A10D2008774EF /* PBXTargetDependency */ = {
			isa = PBXTargetDependency;
			target = 191EDEF71B3A10D2008774EF /* CulturNews */;
			targetProxy = 191EDF0E1B3A10D2008774EF /* PBXContainerItemProxy */;
		};
/* End PBXTargetDependency section */

/* Begin PBXVariantGroup section */
		191EDF011B3A10D2008774EF /* Main.storyboard */ = {
			isa = PBXVariantGroup;
			children = (
				191EDF021B3A10D2008774EF /* Base */,
			);
			name = Main.storyboard;
			sourceTree = "<group>";
		};
		191EDF061B3A10D2008774EF /* LaunchScreen.xib */ = {
			isa = PBXVariantGroup;
			children = (
				191EDF071B3A10D2008774EF /* Base */,
			);
			name = LaunchScreen.xib;
			sourceTree = "<group>";
		};
/* End PBXVariantGroup section */

/* Begin XCBuildConfiguration section */
		191EDF151B3A10D2008774EF /* Debug */ = {
			isa = XCBuildConfiguration;
			buildSettings = {
				ALWAYS_SEARCH_USER_PATHS = NO;
				CLANG_CXX_LANGUAGE_STANDARD = "gnu++0x";
				CLANG_CXX_LIBRARY = "libc++";
				CLANG_ENABLE_MODULES = YES;
				CLANG_ENABLE_OBJC_ARC = YES;
				CLANG_WARN_BOOL_CONVERSION = YES;
				CLANG_WARN_CONSTANT_CONVERSION = YES;
				CLANG_WARN_DIRECT_OBJC_ISA_USAGE = YES_ERROR;
				CLANG_WARN_EMPTY_BODY = YES;
				CLANG_WARN_ENUM_CONVERSION = YES;
				CLANG_WARN_INT_CONVERSION = YES;
				CLANG_WARN_OBJC_ROOT_CLASS = YES_ERROR;
				CLANG_WARN_UNREACHABLE_CODE = YES;
				CLANG_WARN__DUPLICATE_METHOD_MATCH = YES;
				"CODE_SIGN_IDENTITY[sdk=iphoneos*]" = "iPhone Developer";
				COPY_PHASE_STRIP = NO;
				DEBUG_INFORMATION_FORMAT = "dwarf-with-dsym";
				ENABLE_STRICT_OBJC_MSGSEND = YES;
				GCC_C_LANGUAGE_STANDARD = gnu99;
				GCC_DYNAMIC_NO_PIC = NO;
				GCC_NO_COMMON_BLOCKS = YES;
				GCC_OPTIMIZATION_LEVEL = 0;
				GCC_PREPROCESSOR_DEFINITIONS = (
					"DEBUG=1",
					"$(inherited)",
				);
				GCC_SYMBOLS_PRIVATE_EXTERN = NO;
				GCC_WARN_64_TO_32_BIT_CONVERSION = YES;
				GCC_WARN_ABOUT_RETURN_TYPE = YES_ERROR;
				GCC_WARN_UNDECLARED_SELECTOR = YES;
				GCC_WARN_UNINITIALIZED_AUTOS = YES_AGGRESSIVE;
				GCC_WARN_UNUSED_FUNCTION = YES;
				GCC_WARN_UNUSED_VARIABLE = YES;
				IPHONEOS_DEPLOYMENT_TARGET = 8.3;
				MTL_ENABLE_DEBUG_INFO = YES;
				ONLY_ACTIVE_ARCH = YES;
				SDKROOT = iphoneos;
				SWIFT_OPTIMIZATION_LEVEL = "-Onone";
			};
			name = Debug;
		};
		191EDF161B3A10D2008774EF /* Release */ = {
			isa = XCBuildConfiguration;
			buildSettings = {
				ALWAYS_SEARCH_USER_PATHS = NO;
				CLANG_CXX_LANGUAGE_STANDARD = "gnu++0x";
				CLANG_CXX_LIBRARY = "libc++";
				CLANG_ENABLE_MODULES = YES;
				CLANG_ENABLE_OBJC_ARC = YES;
				CLANG_WARN_BOOL_CONVERSION = YES;
				CLANG_WARN_CONSTANT_CONVERSION = YES;
				CLANG_WARN_DIRECT_OBJC_ISA_USAGE = YES_ERROR;
				CLANG_WARN_EMPTY_BODY = YES;
				CLANG_WARN_ENUM_CONVERSION = YES;
				CLANG_WARN_INT_CONVERSION = YES;
				CLANG_WARN_OBJC_ROOT_CLASS = YES_ERROR;
				CLANG_WARN_UNREACHABLE_CODE = YES;
				CLANG_WARN__DUPLICATE_METHOD_MATCH = YES;
				"CODE_SIGN_IDENTITY[sdk=iphoneos*]" = "iPhone Developer";
				COPY_PHASE_STRIP = NO;
				DEBUG_INFORMATION_FORMAT = "dwarf-with-dsym";
				ENABLE_NS_ASSERTIONS = NO;
				ENABLE_STRICT_OBJC_MSGSEND = YES;
				GCC_C_LANGUAGE_STANDARD = gnu99;
				GCC_NO_COMMON_BLOCKS = YES;
				GCC_WARN_64_TO_32_BIT_CONVERSION = YES;
				GCC_WARN_ABOUT_RETURN_TYPE = YES_ERROR;
				GCC_WARN_UNDECLARED_SELECTOR = YES;
				GCC_WARN_UNINITIALIZED_AUTOS = YES_AGGRESSIVE;
				GCC_WARN_UNUSED_FUNCTION = YES;
				GCC_WARN_UNUSED_VARIABLE = YES;
				IPHONEOS_DEPLOYMENT_TARGET = 8.3;
				MTL_ENABLE_DEBUG_INFO = NO;
				SDKROOT = iphoneos;
				VALIDATE_PRODUCT = YES;
			};
			name = Release;
		};
		191EDF181B3A10D2008774EF /* Debug */ = {
			isa = XCBuildConfiguration;
			buildSettings = {
				ASSETCATALOG_COMPILER_APPICON_NAME = AppIcon;
				INFOPLIST_FILE = CulturNews/Info.plist;
				LD_RUNPATH_SEARCH_PATHS = "$(inherited) @executable_path/Frameworks";
				PRODUCT_NAME = "$(TARGET_NAME)";
			};
			name = Debug;
		};
		191EDF191B3A10D2008774EF /* Release */ = {
			isa = XCBuildConfiguration;
			buildSettings = {
				ASSETCATALOG_COMPILER_APPICON_NAME = AppIcon;
				INFOPLIST_FILE = CulturNews/Info.plist;
				LD_RUNPATH_SEARCH_PATHS = "$(inherited) @executable_path/Frameworks";
				PRODUCT_NAME = "$(TARGET_NAME)";
			};
			name = Release;
		};
		191EDF1B1B3A10D2008774EF /* Debug */ = {
			isa = XCBuildConfiguration;
			buildSettings = {
				BUNDLE_LOADER = "$(TEST_HOST)";
				FRAMEWORK_SEARCH_PATHS = (
					"$(SDKROOT)/Developer/Library/Frameworks",
					"$(inherited)",
				);
				GCC_PREPROCESSOR_DEFINITIONS = (
					"DEBUG=1",
					"$(inherited)",
				);
				INFOPLIST_FILE = CulturNewsTests/Info.plist;
				LD_RUNPATH_SEARCH_PATHS = "$(inherited) @executable_path/Frameworks @loader_path/Frameworks";
				PRODUCT_NAME = "$(TARGET_NAME)";
				TEST_HOST = "$(BUILT_PRODUCTS_DIR)/CulturNews.app/CulturNews";
			};
			name = Debug;
		};
		191EDF1C1B3A10D2008774EF /* Release */ = {
			isa = XCBuildConfiguration;
			buildSettings = {
				BUNDLE_LOADER = "$(TEST_HOST)";
				FRAMEWORK_SEARCH_PATHS = (
					"$(SDKROOT)/Developer/Library/Frameworks",
					"$(inherited)",
				);
				INFOPLIST_FILE = CulturNewsTests/Info.plist;
				LD_RUNPATH_SEARCH_PATHS = "$(inherited) @executable_path/Frameworks @loader_path/Frameworks";
				PRODUCT_NAME = "$(TARGET_NAME)";
				TEST_HOST = "$(BUILT_PRODUCTS_DIR)/CulturNews.app/CulturNews";
			};
			name = Release;
		};
/* End XCBuildConfiguration section */

/* Begin XCConfigurationList section */
		191EDEF31B3A10D2008774EF /* Build configuration list for PBXProject "CulturNews" */ = {
			isa = XCConfigurationList;
			buildConfigurations = (
				191EDF151B3A10D2008774EF /* Debug */,
				191EDF161B3A10D2008774EF /* Release */,
			);
			defaultConfigurationIsVisible = 0;
			defaultConfigurationName = Release;
		};
		191EDF171B3A10D2008774EF /* Build configuration list for PBXNativeTarget "CulturNews" */ = {
			isa = XCConfigurationList;
			buildConfigurations = (
				191EDF181B3A10D2008774EF /* Debug */,
				191EDF191B3A10D2008774EF /* Release */,
			);
			defaultConfigurationIsVisible = 0;
		};
		191EDF1A1B3A10D2008774EF /* Build configuration list for PBXNativeTarget "CulturNewsTests" */ = {
			isa = XCConfigurationList;
			buildConfigurations = (
				191EDF1B1B3A10D2008774EF /* Debug */,
				191EDF1C1B3A10D2008774EF /* Release */,
			);
			defaultConfigurationIsVisible = 0;
		};
/* End XCConfigurationList section */
	};
	rootObject = 191EDEF01B3A10D2008774EF /* Project object */;
}
